{
  "name": "image-factory",
  "version": "0.5.0",
  "dependencies": {
    "async": {
      "version": "0.9.0",
      "from": "async@*",
      "resolved": "https://registry.npmjs.org/async/-/async-0.9.0.tgz"
    },
    "aws-sdk": {
      "version": "2.0.0-rc13",
      "from": "aws-sdk@2.0.0-rc13",
      "resolved": "https://registry.npmjs.org/aws-sdk/-/aws-sdk-2.0.0-rc13.tgz",
      "dependencies": {
        "aws-sdk-apis": {
          "version": "2.0.13",
          "from": "aws-sdk-apis@2.x",
          "resolved": "https://registry.npmjs.org/aws-sdk-apis/-/aws-sdk-apis-2.0.13.tgz"
        },
        "xml2js": {
          "version": "0.2.4",
          "from": "xml2js@0.2.4",
          "resolved": "https://registry.npmjs.org/xml2js/-/xml2js-0.2.4.tgz",
          "dependencies": {
            "sax": {
              "version": "0.6.1",
              "from": "sax@>=0.4.2",
              "resolved": "https://registry.npmjs.org/sax/-/sax-0.6.1.tgz"
            }
          }
        },
        "xmlbuilder": {
          "version": "0.4.2",
          "from": "xmlbuilder@0.4.2",
          "resolved": "https://registry.npmjs.org/xmlbuilder/-/xmlbuilder-0.4.2.tgz"
        }
      }
    },
    "aws-swf": {
      "version": "4.0.0",
      "from": "aws-swf@4.0.0",
      "resolved": "https://registry.npmjs.org/aws-swf/-/aws-swf-4.0.0.tgz",
      "dependencies": {
        "aws-sdk": {
          "version": "2.0.0-rc9",
          "from": "aws-sdk@2.0.0-rc9",
          "resolved": "https://registry.npmjs.org/aws-sdk/-/aws-sdk-2.0.0-rc9.tgz",
          "dependencies": {
            "xml2js": {
              "version": "0.2.4",
              "from": "xml2js@0.2.4",
              "resolved": "https://registry.npmjs.org/xml2js/-/xml2js-0.2.4.tgz",
              "dependencies": {
                "sax": {
                  "version": "0.6.1",
                  "from": "sax@>=0.4.2",
                  "resolved": "https://registry.npmjs.org/sax/-/sax-0.6.1.tgz"
                }
              }
            },
            "xmlbuilder": {
              "version": "0.4.2",
              "from": "xmlbuilder@0.4.2",
              "resolved": "https://registry.npmjs.org/xmlbuilder/-/xmlbuilder-0.4.2.tgz"
            }
          }
        },
        "lodash": {
          "version": "2.4.1",
          "from": "lodash@~2.4.1",
          "resolved": "https://registry.npmjs.org/lodash/-/lodash-2.4.1.tgz"
        }
      }
    },
    "backoff": {
      "version": "2.4.1",
      "from": "backoff@*",
      "resolved": "https://registry.npmjs.org/backoff/-/backoff-2.4.1.tgz",
      "dependencies": {
        "precond": {
          "version": "0.2.3",
          "from": "precond@0.2",
          "resolved": "https://registry.npmjs.org/precond/-/precond-0.2.3.tgz"
        }
      }
    },
    "events": {
      "version": "1.0.2",
      "from": "events@~1.0.0",
      "resolved": "https://registry.npmjs.org/events/-/events-1.0.2.tgz"
    },
    "formatter": {
      "version": "0.4.1",
      "from": "formatter@*",
      "resolved": "https://registry.npmjs.org/formatter/-/formatter-0.4.1.tgz"
    },
    "hipchatter": {
      "version": "0.2.0",
      "from": "hipchatter@",
      "resolved": "https://registry.npmjs.org/hipchatter/-/hipchatter-0.2.0.tgz",
      "dependencies": {
        "needle": {
          "version": "0.6.6",
          "from": "needle@~0.6.3",
          "resolved": "https://registry.npmjs.org/needle/-/needle-0.6.6.tgz",
          "dependencies": {
            "qs": {
              "version": "2.3.3",
              "from": "qs@"
            },
            "iconv-lite": {
              "version": "0.4.7",
              "from": "iconv-lite@",
              "resolved": "https://registry.npmjs.org/iconv-lite/-/iconv-lite-0.4.7.tgz"
            }
          }
        },
        "async": {
          "version": "0.2.10",
          "from": "async@~0.2.9",
          "resolved": "https://registry.npmjs.org/async/-/async-0.2.10.tgz"
        }
      }
    },
    "lodash": {
      "version": "3.2.0",
      "from": "lodash@*",
      "resolved": "https://registry.npmjs.org/lodash/-/lodash-3.2.0.tgz"
    },
    "nunjucks": {
      "version": "1.2.0",
      "from": "nunjucks@*",
      "resolved": "https://registry.npmjs.org/nunjucks/-/nunjucks-1.2.0.tgz",
      "dependencies": {
        "chokidar": {
          "version": "0.12.6",
          "from": "chokidar@~0.12.5",
          "resolved": "https://registry.npmjs.org/chokidar/-/chokidar-0.12.6.tgz",
          "dependencies": {
            "readdirp": {
              "version": "1.3.0",
              "from": "readdirp@~1.3.0",
              "resolved": "https://registry.npmjs.org/readdirp/-/readdirp-1.3.0.tgz",
              "dependencies": {
                "graceful-fs": {
                  "version": "2.0.3",
                  "from": "graceful-fs@~2.0.0"
                },
                "minimatch": {
                  "version": "0.2.14",
                  "from": "minimatch@~0.2.12",
                  "dependencies": {
                    "lru-cache": {
                      "version": "2.5.0",
                      "from": "lru-cache@2"
                    },
                    "sigmund": {
                      "version": "1.0.0",
                      "from": "sigmund@~1.0.0"
                    }
                  }
                },
                "readable-stream": {
                  "version": "1.0.33",
                  "from": "readable-stream@~1.0.26-2",
                  "resolved": "https://registry.npmjs.org/readable-stream/-/readable-stream-1.0.33.tgz",
                  "dependencies": {
                    "core-util-is": {
                      "version": "1.0.1",
                      "from": "core-util-is@~1.0.0"
                    },
                    "isarray": {
                      "version": "0.0.1",
                      "from": "isarray@0.0.1",
                      "resolved": "https://registry.npmjs.org/isarray/-/isarray-0.0.1.tgz"
                    },
                    "string_decoder": {
                      "version": "0.10.31",
                      "from": "string_decoder@~0.10.x"
                    },
                    "inherits": {
                      "version": "2.0.1",
                      "from": "inherits@~2.0.1"
                    }
                  }
                }
              }
            },
            "async-each": {
              "version": "0.1.6",
              "from": "async-each@~0.1.5",
              "resolved": "https://registry.npmjs.org/async-each/-/async-each-0.1.6.tgz"
            }
          }
        }
      }
    },
    "optimist": {
      "version": "0.6.1",
      "from": "optimist@*",
      "resolved": "https://registry.npmjs.org/optimist/-/optimist-0.6.1.tgz",
      "dependencies": {
        "wordwrap": {
          "version": "0.0.2",
          "from": "wordwrap@~0.0.2",
          "resolved": "https://registry.npmjs.org/wordwrap/-/wordwrap-0.0.2.tgz"
        },
        "minimist": {
          "version": "0.0.10",
          "from": "minimist@~0.0.1"
        }
      }
    },
    "restify": {
      "version": "2.7.0",
      "from": "restify@~2.7.0",
      "resolved": "https://registry.npmjs.org/restify/-/restify-2.7.0.tgz",
      "dependencies": {
        "assert-plus": {
          "version": "0.1.5",
          "from": "assert-plus@^0.1.5",
          "resolved": "https://registry.npmjs.org/assert-plus/-/assert-plus-0.1.5.tgz"
        },
        "backoff": {
          "version": "2.3.0",
          "from": "backoff@2.3.0",
          "resolved": "https://registry.npmjs.org/backoff/-/backoff-2.3.0.tgz"
        },
        "bunyan": {
          "version": "0.22.1",
          "from": "bunyan@0.22.1",
          "resolved": "https://registry.npmjs.org/bunyan/-/bunyan-0.22.1.tgz",
          "dependencies": {
            "mv": {
              "version": "0.0.5",
              "from": "mv@0.0.5",
              "resolved": "https://registry.npmjs.org/mv/-/mv-0.0.5.tgz"
            }
          }
        },
        "csv": {
          "version": "0.3.7",
          "from": "csv@0.3.7",
          "resolved": "https://registry.npmjs.org/csv/-/csv-0.3.7.tgz"
        },
        "deep-equal": {
          "version": "0.0.0",
          "from": "deep-equal@0.0.0",
          "resolved": "https://registry.npmjs.org/deep-equal/-/deep-equal-0.0.0.tgz"
        },
        "escape-regexp-component": {
          "version": "1.0.2",
          "from": "escape-regexp-component@1.0.2",
          "resolved": "https://registry.npmjs.org/escape-regexp-component/-/escape-regexp-component-1.0.2.tgz"
        },
        "formidable": {
          "version": "1.0.14",
          "from": "formidable@1.0.14",
          "resolved": "https://registry.npmjs.org/formidable/-/formidable-1.0.14.tgz"
        },
        "http-signature": {
          "version": "0.10.0",
          "from": "http-signature@0.10.0",
          "dependencies": {
            "assert-plus": {
              "version": "0.1.2",
              "from": "assert-plus@0.1.2",
              "resolved": "https://registry.npmjs.org/assert-plus/-/assert-plus-0.1.2.tgz"
            },
            "asn1": {
              "version": "0.1.11",
              "from": "asn1@0.1.11",
              "resolved": "https://registry.npmjs.org/asn1/-/asn1-0.1.11.tgz"
            },
            "ctype": {
              "version": "0.5.2",
              "from": "ctype@0.5.2",
              "resolved": "https://registry.npmjs.org/ctype/-/ctype-0.5.2.tgz"
            }
          }
        },
        "keep-alive-agent": {
          "version": "0.0.1",
          "from": "keep-alive-agent@0.0.1",
          "resolved": "https://registry.npmjs.org/keep-alive-agent/-/keep-alive-agent-0.0.1.tgz"
        },
        "lru-cache": {
          "version": "2.3.1",
          "from": "lru-cache@2.3.1",
          "resolved": "https://registry.npmjs.org/lru-cache/-/lru-cache-2.3.1.tgz"
        },
        "mime": {
          "version": "1.2.11",
          "from": "mime@1.2.11",
          "resolved": "https://registry.npmjs.org/mime/-/mime-1.2.11.tgz"
        },
        "negotiator": {
          "version": "0.3.0",
          "from": "negotiator@0.3.0",
          "resolved": "https://registry.npmjs.org/negotiator/-/negotiator-0.3.0.tgz"
        },
        "node-uuid": {
          "version": "1.4.1",
          "from": "node-uuid@1.4.1"
        },
        "once": {
          "version": "1.3.0",
          "from": "once@1.3.0",
          "resolved": "https://registry.npmjs.org/once/-/once-1.3.0.tgz"
        },
        "qs": {
          "version": "0.6.6",
          "from": "qs@0.6.6",
          "resolved": "https://registry.npmjs.org/qs/-/qs-0.6.6.tgz"
        },
        "semver": {
          "version": "2.2.1",
          "from": "semver@2.2.1",
          "resolved": "https://registry.npmjs.org/semver/-/semver-2.2.1.tgz"
        },
        "spdy": {
          "version": "1.19.3",
          "from": "spdy@1.19.3",
          "resolved": "https://registry.npmjs.org/spdy/-/spdy-1.19.3.tgz"
        },
        "tunnel-agent": {
          "version": "0.4.0",
          "from": "tunnel-agent@0.4.0"
        },
        "verror": {
          "version": "1.3.7",
          "from": "verror@1.3.7",
          "resolved": "https://registry.npmjs.org/verror/-/verror-1.3.7.tgz",
          "dependencies": {
            "extsprintf": {
              "version": "1.0.2",
              "from": "extsprintf@1.0.2",
              "resolved": "https://registry.npmjs.org/extsprintf/-/extsprintf-1.0.2.tgz"
            }
          }
        },
        "dtrace-provider": {
          "version": "0.2.8",
          "from": "dtrace-provider@0.2.8",
          "resolved": "https://registry.npmjs.org/dtrace-provider/-/dtrace-provider-0.2.8.tgz"
        }
      }
    },
    "shortid": {
      "version": "2.1.3",
      "from": "shortid@*",
      "resolved": "https://registry.npmjs.org/shortid/-/shortid-2.1.3.tgz"
    },
    "underscore.string": {
      "version": "3.0.3",
      "from": "underscore.string@*",
      "resolved": "https://registry.npmjs.org/underscore.string/-/underscore.string-3.0.3.tgz"
    },
    "winston": {
      "version": "0.9.0",
      "from": "winston@*",
      "resolved": "https://registry.npmjs.org/winston/-/winston-0.9.0.tgz",
      "dependencies": {
        "colors": {
          "version": "1.0.3",
          "from": "colors@1.0.x",
          "resolved": "https://registry.npmjs.org/colors/-/colors-1.0.3.tgz"
        },
        "cycle": {
          "version": "1.0.3",
          "from": "cycle@1.0.x",
          "resolved": "https://registry.npmjs.org/cycle/-/cycle-1.0.3.tgz"
        },
        "eyes": {
          "version": "0.1.8",
          "from": "eyes@0.1.x",
          "resolved": "https://registry.npmjs.org/eyes/-/eyes-0.1.8.tgz"
        },
        "isstream": {
          "version": "0.1.1",
          "from": "isstream@0.1.x"
        },
        "pkginfo": {
          "version": "0.3.0",
          "from": "pkginfo@0.3.x",
          "resolved": "https://registry.npmjs.org/pkginfo/-/pkginfo-0.3.0.tgz"
        },
        "stack-trace": {
          "version": "0.0.9",
          "from": "stack-trace@0.0.x",
          "resolved": "https://registry.npmjs.org/stack-trace/-/stack-trace-0.0.9.tgz"
        }
      }
    },
    "wrench": {
      "version": "1.5.8",
      "from": "wrench@*",
      "resolved": "https://registry.npmjs.org/wrench/-/wrench-1.5.8.tgz"
    },
    "z-schema": {
      "version": "2.4.6",
      "from": "z-schema@2.4.6",
      "resolved": "https://registry.npmjs.org/z-schema/-/z-schema-2.4.6.tgz",
      "dependencies": {
        "bluebird": {
          "version": "1.0.8",
          "from": "bluebird@~1.0.5",
          "resolved": "https://registry.npmjs.org/bluebird/-/bluebird-1.0.8.tgz"
        },
        "request": {
          "version": "2.34.0",
          "from": "request@~2.34.0",
          "dependencies": {
            "qs": {
              "version": "0.6.6",
              "from": "qs@~0.6.0",
              "resolved": "https://registry.npmjs.org/qs/-/qs-0.6.6.tgz"
            },
            "json-stringify-safe": {
              "version": "5.0.0",
              "from": "json-stringify-safe@~5.0.0"
            },
            "forever-agent": {
              "version": "0.5.2",
              "from": "forever-agent@~0.5.0",
              "resolved": "https://registry.npmjs.org/forever-agent/-/forever-agent-0.5.2.tgz"
            },
            "node-uuid": {
              "version": "1.4.2",
              "from": "node-uuid@~1.4.0",
              "resolved": "https://registry.npmjs.org/node-uuid/-/node-uuid-1.4.2.tgz"
            },
            "mime": {
              "version": "1.2.11",
              "from": "mime@~1.2.9",
              "resolved": "https://registry.npmjs.org/mime/-/mime-1.2.11.tgz"
            },
            "tough-cookie": {
              "version": "0.12.1",
              "from": "tough-cookie@>=0.12.0",
              "dependencies": {
                "punycode": {
                  "version": "1.3.2",
                  "from": "punycode@>=0.2.0",
                  "resolved": "https://registry.npmjs.org/punycode/-/punycode-1.3.2.tgz"
                }
              }
            },
            "form-data": {
              "version": "0.1.4",
              "from": "form-data@~0.1.0",
              "resolved": "https://registry.npmjs.org/form-data/-/form-data-0.1.4.tgz",
              "dependencies": {
                "combined-stream": {
                  "version": "0.0.7",
                  "from": "combined-stream@~0.0.4",
                  "resolved": "https://registry.npmjs.org/combined-stream/-/combined-stream-0.0.7.tgz",
                  "dependencies": {
                    "delayed-stream": {
                      "version": "0.0.5",
                      "from": "delayed-stream@0.0.5",
                      "resolved": "https://registry.npmjs.org/delayed-stream/-/delayed-stream-0.0.5.tgz"
                    }
                  }
                }
              }
            },
            "tunnel-agent": {
              "version": "0.3.0",
              "from": "tunnel-agent@~0.3.0"
            },
            "http-signature": {
              "version": "0.10.1",
              "from": "http-signature@~0.10.0",
              "dependencies": {
                "assert-plus": {
                  "version": "0.1.5",
                  "from": "assert-plus@^0.1.5",
                  "resolved": "https://registry.npmjs.org/assert-plus/-/assert-plus-0.1.5.tgz"
                },
                "asn1": {
                  "version": "0.1.11",
                  "from": "asn1@0.1.11",
                  "resolved": "https://registry.npmjs.org/asn1/-/asn1-0.1.11.tgz"
                },
                "ctype": {
                  "version": "0.5.3",
                  "from": "ctype@0.5.3",
                  "resolved": "https://registry.npmjs.org/ctype/-/ctype-0.5.3.tgz"
                }
              }
            },
            "oauth-sign": {
              "version": "0.3.0",
              "from": "oauth-sign@~0.3.0"
            },
            "hawk": {
              "version": "1.0.0",
              "from": "hawk@~1.0.0",
              "dependencies": {
                "hoek": {
                  "version": "0.9.1",
                  "from": "hoek@0.9.x"
                },
                "boom": {
                  "version": "0.4.2",
                  "from": "boom@0.4.x"
                },
                "cryptiles": {
                  "version": "0.2.2",
                  "from": "cryptiles@0.2.x"
                },
                "sntp": {
                  "version": "0.2.4",
                  "from": "sntp@0.2.x"
                }
              }
            },
            "aws-sign2": {
              "version": "0.5.0",
              "from": "aws-sign2@~0.5.0"
            }
          }
        }
      }
    }
  }
}
